{
  "object": {
    "pins": [
      {
        "package": "UIKitHelpers",
        "repositoryURL": "https://github.com/lucamegh/UIKitHelpers",
        "state": {
          "branch": null,
          "revision": "491948bd83c22939b854b4e99efa9efbbcca5640",
          "version": "1.0.0"
        }
      }
    ]
  },
  "version": 1
}
